
Microsoft Visual Studio Solution File, Format Version 12.00
# Visual Studio 15
VisualStudioVersion = 15.0.27428.2011
MinimumVisualStudioVersion = 10.0.40219.1
Project("{FAE04EC0-301F-11D3-BF4B-00C04F79EFBC}") = "Cineplay", "Cineplay.csproj", "{DD60EF48-BA9C-4BF6-B0A0-31CDE7CE3550}"
EndProject
Global
	GlobalSection(SolutionConfigurationPlatforms) = preSolution
		Debug|Any CPU = Debug|Any CPU
		Debug|x64 = Debug|x64
		Release|Any CPU = Release|Any CPU
		Release|x64 = Release|x64
	EndGlobalSection
	GlobalSection(ProjectConfigurationPlatforms) = postSolution
		{DD60EF48-BA9C-4BF6-B0A0-31CDE7CE3550}.Debug|Any CPU.ActiveCfg = Debug|Any CPU
		{DD60EF48-BA9C-4BF6-B0A0-31CDE7CE3550}.Debug|Any CPU.Build.0 = Debug|Any CPU
		{DD60EF48-BA9C-4BF6-B0A0-31CDE7CE3550}.Debug|x64.ActiveCfg = Debug|x64
		{DD60EF48-BA9C-4BF6-B0A0-31CDE7CE3550}.Debug|x64.Build.0 = Debug|x64
		{DD60EF48-BA9C-4BF6-B0A0-31CDE7CE3550}.Release|Any CPU.ActiveCfg = Release|Any CPU
		{DD60EF48-BA9C-4BF6-B0A0-31CDE7CE3550}.Release|Any CPU.Build.0 = Release|Any CPU
		{DD60EF48-BA9C-4BF6-B0A0-31CDE7CE3550}.Release|x64.ActiveCfg = Release|x64
		{DD60EF48-BA9C-4BF6-B0A0-31CDE7CE3550}.Release|x64.Build.0 = Release|x64
	EndGlobalSection
	GlobalSection(SolutionProperties) = preSolution
		HideSolutionNode = FALSE
	EndGlobalSection
	GlobalSection(ExtensibilityGlobals) = postSolution
		SolutionGuid = {A5058832-E337-4B02-94DE-4E6D16A45666}
	EndGlobalSection
EndGlobal
